
Microsoft Visual Studio Solution File, Format Version 12.00
# Visual Studio Version 17
VisualStudioVersion = 17.6.33723.286
MinimumVisualStudioVersion = 10.0.40219.1
Project("{9A19103F-16F7-4668-BE54-9A1E7A4F7556}") = "1 zadanie", "1 zadanie\1 zadanie.csproj", "{6DBB93C2-F01C-4582-96F9-B8D047B440EC}"
EndProject
Global
	GlobalSection(SolutionConfigurationPlatforms) = preSolution
		Debug|Any CPU = Debug|Any CPU
		Release|Any CPU = Release|Any CPU
	EndGlobalSection
	GlobalSection(ProjectConfigurationPlatforms) = postSolution
		{6DBB93C2-F01C-4582-96F9-B8D047B440EC}.Debug|Any CPU.ActiveCfg = Debug|Any CPU
		{6DBB93C2-F01C-4582-96F9-B8D047B440EC}.Debug|Any CPU.Build.0 = Debug|Any CPU
		{6DBB93C2-F01C-4582-96F9-B8D047B440EC}.Release|Any CPU.ActiveCfg = Release|Any CPU
		{6DBB93C2-F01C-4582-96F9-B8D047B440EC}.Release|Any CPU.Build.0 = Release|Any CPU
	EndGlobalSection
	GlobalSection(SolutionProperties) = preSolution
		HideSolutionNode = FALSE
	EndGlobalSection
	GlobalSection(ExtensibilityGlobals) = postSolution
		SolutionGuid = {E7F54C5E-3D33-4EFB-A842-E48E8B275625}
	EndGlobalSection
EndGlobal
